{
  "nodes": {
    "deploy-o-matic": {
      "inputs": {
        "nixpkgs": [
          "nixpkgs"
        ]
      },
      "locked": {
        "lastModified": 1785234277,
        "narHash": "sha256-PN+TEe5q6TRIwvV8+gNrZS0Ms3WqOJ6fxQw/sIDP7v4=",
        "owner": "dexterlb",
        "repo": "deploy-o-matic",
        "rev": "251e5ce0ff850a37ca1e5defb6104f4fe0206018",
        "type": "github"
      },
      "original": {
        "owner": "dexterlb",
        "repo": "deploy-o-matic",
        "type": "github"
      }
    },
    "fazantix": {
      "inputs": {
        "nixpkgs": [
          "nixpkgs"
        ],
        "utils": "utils"
      },
      "locked": {
        "lastModified": 1785244332,
        "narHash": "sha256-DKArNcvcLaZ1G/3znhsLQyO+cZJKMnefXayyz3NpXt4=",
        "owner": "FOSDEM",
        "repo": "video-fazantix",
        "rev": "5e919e4424e11ec00e5a638d33b551d0e2e4c012",
        "type": "github"
      },
      "original": {
        "owner": "FOSDEM",
        "ref": "frankenbox_fixes",
        "repo": "video-fazantix",
        "type": "github"
      }
    },
    "nixpkgs": {
      "locked": {
        "lastModified": 1785325225,
        "narHash": "sha256-5tapy5fceUetiahspLuH+IE9zlH0GV4rp0I5RopsEvU=",
        "owner": "nixos",
        "repo": "nixpkgs",
        "rev": "7dbb379d395b1209f3641fa310cc2f907d64de42",
        "type": "github"
      },
      "original": {
        "owner": "nixos",
        "repo": "nixpkgs",
        "type": "github"
      }
    },
    "root": {
      "inputs": {
        "deploy-o-matic": "deploy-o-matic",
        "fazantix": "fazantix",
        "nixpkgs": "nixpkgs"
      }
    },
    "systems": {
      "locked": {
        "lastModified": 1681028828,
        "narHash": "sha256-Vy1rq5AaRuLzOxct8nz4T6wlgyUR7zLU309k9mBC768=",
        "owner": "nix-systems",
        "repo": "default",
        "rev": "da67096a3b9bf56a91d16901293e51ba5b49a27e",
        "type": "github"
      },
      "original": {
        "owner": "nix-systems",
        "repo": "default",
        "type": "github"
      }
    },
    "utils": {
      "inputs": {
        "systems": "systems"
      },
      "locked": {
        "lastModified": 1731533236,
        "narHash": "sha256-l0KFg5HjrsfsO/JpG+r7fRrqm12kzFHyUHqHCVpMMbI=",
        "owner": "numtide",
        "repo": "flake-utils",
        "rev": "11707dc2f618dd54ca8739b309ec4fc024de578b",
        "type": "github"
      },
      "original": {
        "owner": "numtide",
        "repo": "flake-utils",
        "type": "github"
      }
    }
  },
  "root": "root",
  "version": 7
}
